// !$*UTF8*$!
{
	archiveVersion = 1;
	classes = {
	};
	objectVersion = 50;
	objects = {

/* Begin PBXBuildFile section */
		2613C3F32245583C002B16E0 /* CanvasView.swift in Sources */ = {isa = PBXBuildFile; fileRef = 2613C3F22245583C002B16E0 /* CanvasView.swift */; };
		262CE33B22436EEE00528E0F /* AppDelegate.swift in Sources */ = {isa = PBXBuildFile; fileRef = 262CE33A22436EEE00528E0F /* AppDelegate.swift */; };
		262CE33D22436EEF00528E0F /* MainViewController.swift in Sources */ = {isa = PBXBuildFile; fileRef = 262CE33C22436EEF00528E0F /* MainViewController.swift */; };
		262CE34022436EEF00528E0F /* Main.storyboard in Resources */ = {isa = PBXBuildFile; fileRef = 262CE33E22436EEF00528E0F /* Main.storyboard */; };
		262CE34222436EF100528E0F /* Assets.xcassets in Resources */ = {isa = PBXBuildFile; fileRef = 262CE34122436EF100528E0F /* Assets.xcassets */; };
		262CE34522436EF100528E0F /* LaunchScreen.storyboard in Resources */ = {isa = PBXBuildFile; fileRef = 262CE34322436EF100528E0F /* LaunchScreen.storyboard */; };
		262CE34D22436F0700528E0F /* MainPresenter.swift in Sources */ = {isa = PBXBuildFile; fileRef = 262CE34C22436F0700528E0F /* MainPresenter.swift */; };
		262CE34F224373C700528E0F /* InputViewWithTextField.swift in Sources */ = {isa = PBXBuildFile; fileRef = 262CE34E224373C700528E0F /* InputViewWithTextField.swift */; };
		262CE3602243EC1900528E0F /* UIView.swift in Sources */ = {isa = PBXBuildFile; fileRef = 262CE35F2243EC1900528E0F /* UIView.swift */; };
		262CE3622243FC8900528E0F /* GradientView.swift in Sources */ = {isa = PBXBuildFile; fileRef = 262CE3612243FC8900528E0F /* GradientView.swift */; };
		262CE3672243FD0D00528E0F /* UIColor+Gradients.swift in Sources */ = {isa = PBXBuildFile; fileRef = 262CE3662243FD0D00528E0F /* UIColor+Gradients.swift */; };
		262CE36F2244016B00528E0F /* NextAndFinishButton.swift in Sources */ = {isa = PBXBuildFile; fileRef = 262CE36E2244016B00528E0F /* NextAndFinishButton.swift */; };
		262CE3772244102800528E0F /* UIFont.swift in Sources */ = {isa = PBXBuildFile; fileRef = 262CE3762244102800528E0F /* UIFont.swift */; };
		264BC73022460C930077F35D /* TappableView.swift in Sources */ = {isa = PBXBuildFile; fileRef = 264BC72F22460C930077F35D /* TappableView.swift */; };
		264BC73422461B130077F35D /* TimeInterval.swift in Sources */ = {isa = PBXBuildFile; fileRef = 264BC73322461B130077F35D /* TimeInterval.swift */; };
		267A890F22444E6900F71427 /* AlertView.swift in Sources */ = {isa = PBXBuildFile; fileRef = 267A890E22444E6900F71427 /* AlertView.swift */; };
		267A8914224470A700F71427 /* ButtonsStack.swift in Sources */ = {isa = PBXBuildFile; fileRef = 267A8913224470A700F71427 /* ButtonsStack.swift */; };
		267A8916224480F400F71427 /* UIImageView+UIImage.swift in Sources */ = {isa = PBXBuildFile; fileRef = 267A8915224480F400F71427 /* UIImageView+UIImage.swift */; };
		26BB96D62251F7E500350110 /* TitanicFortune.mlmodel in Sources */ = {isa = PBXBuildFile; fileRef = 26BB96D42251F7E500350110 /* TitanicFortune.mlmodel */; };
		26BB96D72251F7E500350110 /* MNISTClassifier.mlmodel in Sources */ = {isa = PBXBuildFile; fileRef = 26BB96D52251F7E500350110 /* MNISTClassifier.mlmodel */; };
		26BB96DD2251FF7D00350110 /* UIDevice.swift in Sources */ = {isa = PBXBuildFile; fileRef = 26BB96DC2251FF7D00350110 /* UIDevice.swift */; };
		26BB96DF22521C6700350110 /* Localizable.strings in Resources */ = {isa = PBXBuildFile; fileRef = 26BB96DE22521C6700350110 /* Localizable.strings */; };
		26BB96E722521EC800350110 /* Localization.swift in Sources */ = {isa = PBXBuildFile; fileRef = 26BB96E622521EC800350110 /* Localization.swift */; };
		34A08C67FCE424DEC2FDC1B8 /* Pods_CoreMLExample.framework in Frameworks */ = {isa = PBXBuildFile; fileRef = 81E3999E1713A0D7CEEFE227 /* Pods_CoreMLExample.framework */; };
/* End PBXBuildFile section */

/* Begin PBXFileReference section */
		19608FA3D5D274AAAAB78E90 /* Pods-CoreMLExample.release.xcconfig */ = {isa = PBXFileReference; includeInIndex = 1; lastKnownFileType = text.xcconfig; name = "Pods-CoreMLExample.release.xcconfig"; path = "Target Support Files/Pods-CoreMLExample/Pods-CoreMLExample.release.xcconfig"; sourceTree = "<group>"; };
		2613C3F22245583C002B16E0 /* CanvasView.swift */ = {isa = PBXFileReference; lastKnownFileType = sourcecode.swift; path = CanvasView.swift; sourceTree = "<group>"; };
		262CE33722436EEE00528E0F /* CoreMLExample.app */ = {isa = PBXFileReference; explicitFileType = wrapper.application; includeInIndex = 0; path = CoreMLExample.app; sourceTree = BUILT_PRODUCTS_DIR; };
		262CE33A22436EEE00528E0F /* AppDelegate.swift */ = {isa = PBXFileReference; lastKnownFileType = sourcecode.swift; path = AppDelegate.swift; sourceTree = "<group>"; };
		262CE33C22436EEF00528E0F /* MainViewController.swift */ = {isa = PBXFileReference; lastKnownFileType = sourcecode.swift; path = MainViewController.swift; sourceTree = "<group>"; };
		262CE33F22436EEF00528E0F /* Base */ = {isa = PBXFileReference; lastKnownFileType = file.storyboard; name = Base; path = Base.lproj/Main.storyboard; sourceTree = "<group>"; };
		262CE34122436EF100528E0F /* Assets.xcassets */ = {isa = PBXFileReference; lastKnownFileType = folder.assetcatalog; path = Assets.xcassets; sourceTree = "<group>"; };
		262CE34422436EF100528E0F /* Base */ = {isa = PBXFileReference; lastKnownFileType = file.storyboard; name = Base; path = Base.lproj/LaunchScreen.storyboard; sourceTree = "<group>"; };
		262CE34622436EF100528E0F /* Info.plist */ = {isa = PBXFileReference; lastKnownFileType = text.plist.xml; path = Info.plist; sourceTree = "<group>"; };
		262CE34C22436F0700528E0F /* MainPresenter.swift */ = {isa = PBXFileReference; lastKnownFileType = sourcecode.swift; path = MainPresenter.swift; sourceTree = "<group>"; };
		262CE34E224373C700528E0F /* InputViewWithTextField.swift */ = {isa = PBXFileReference; lastKnownFileType = sourcecode.swift; path = InputViewWithTextField.swift; sourceTree = "<group>"; };
		262CE35F2243EC1900528E0F /* UIView.swift */ = {isa = PBXFileReference; lastKnownFileType = sourcecode.swift; path = UIView.swift; sourceTree = "<group>"; };
		262CE3612243FC8900528E0F /* GradientView.swift */ = {isa = PBXFileReference; lastKnownFileType = sourcecode.swift; path = GradientView.swift; sourceTree = "<group>"; };
		262CE3662243FD0D00528E0F /* UIColor+Gradients.swift */ = {isa = PBXFileReference; lastKnownFileType = sourcecode.swift; path = "UIColor+Gradients.swift"; sourceTree = "<group>"; };
		262CE36E2244016B00528E0F /* NextAndFinishButton.swift */ = {isa = PBXFileReference; lastKnownFileType = sourcecode.swift; path = NextAndFinishButton.swift; sourceTree = "<group>"; };
		262CE3762244102800528E0F /* UIFont.swift */ = {isa = PBXFileReference; lastKnownFileType = sourcecode.swift; path = UIFont.swift; sourceTree = "<group>"; };
		264BC72F22460C930077F35D /* TappableView.swift */ = {isa = PBXFileReference; lastKnownFileType = sourcecode.swift; path = TappableView.swift; sourceTree = "<group>"; };
		264BC73322461B130077F35D /* TimeInterval.swift */ = {isa = PBXFileReference; lastKnownFileType = sourcecode.swift; path = TimeInterval.swift; sourceTree = "<group>"; };
		267A890E22444E6900F71427 /* AlertView.swift */ = {isa = PBXFileReference; lastKnownFileType = sourcecode.swift; path = AlertView.swift; sourceTree = "<group>"; };
		267A8913224470A700F71427 /* ButtonsStack.swift */ = {isa = PBXFileReference; lastKnownFileType = sourcecode.swift; path = ButtonsStack.swift; sourceTree = "<group>"; };
		267A8915224480F400F71427 /* UIImageView+UIImage.swift */ = {isa = PBXFileReference; lastKnownFileType = sourcecode.swift; path = "UIImageView+UIImage.swift"; sourceTree = "<group>"; };
		26BB96D42251F7E500350110 /* TitanicFortune.mlmodel */ = {isa = PBXFileReference; lastKnownFileType = file.mlmodel; path = TitanicFortune.mlmodel; sourceTree = "<group>"; };
		26BB96D52251F7E500350110 /* MNISTClassifier.mlmodel */ = {isa = PBXFileReference; lastKnownFileType = file.mlmodel; path = MNISTClassifier.mlmodel; sourceTree = "<group>"; };
		26BB96DC2251FF7D00350110 /* UIDevice.swift */ = {isa = PBXFileReference; lastKnownFileType = sourcecode.swift; path = UIDevice.swift; sourceTree = "<group>"; };
		26BB96DE22521C6700350110 /* Localizable.strings */ = {isa = PBXFileReference; lastKnownFileType = text.plist.strings; path = Localizable.strings; sourceTree = "<group>"; };
		26BB96E622521EC800350110 /* Localization.swift */ = {isa = PBXFileReference; lastKnownFileType = sourcecode.swift; path = Localization.swift; sourceTree = "<group>"; };
		72B0FFF3B821A531A81E45B2 /* Pods-CoreMLExample.debug.xcconfig */ = {isa = PBXFileReference; includeInIndex = 1; lastKnownFileType = text.xcconfig; name = "Pods-CoreMLExample.debug.xcconfig"; path = "Target Support Files/Pods-CoreMLExample/Pods-CoreMLExample.debug.xcconfig"; sourceTree = "<group>"; };
		81E3999E1713A0D7CEEFE227 /* Pods_CoreMLExample.framework */ = {isa = PBXFileReference; explicitFileType = wrapper.framework; includeInIndex = 0; path = Pods_CoreMLExample.framework; sourceTree = BUILT_PRODUCTS_DIR; };
/* End PBXFileReference section */

/* Begin PBXFrameworksBuildPhase section */
		262CE33422436EEE00528E0F /* Frameworks */ = {
			isa = PBXFrameworksBuildPhase;
			buildActionMask = 2147483647;
			files = (
				34A08C67FCE424DEC2FDC1B8 /* Pods_CoreMLExample.framework in Frameworks */,
			);
			runOnlyForDeploymentPostprocessing = 0;
		};
/* End PBXFrameworksBuildPhase section */

/* Begin PBXGroup section */
		262CE32E22436EEE00528E0F = {
			isa = PBXGroup;
			children = (
				262CE33922436EEE00528E0F /* CoreMLExample */,
				262CE33822436EEE00528E0F /* Products */,
				3DF070F0DCA197167ADD0B9B /* Pods */,
				A4DDFD6128CD5A4F318E3248 /* Frameworks */,
			);
			sourceTree = "<group>";
		};
		262CE33822436EEE00528E0F /* Products */ = {
			isa = PBXGroup;
			children = (
				262CE33722436EEE00528E0F /* CoreMLExample.app */,
			);
			name = Products;
			sourceTree = "<group>";
		};
		262CE33922436EEE00528E0F /* CoreMLExample */ = {
			isa = PBXGroup;
			children = (
				262CE33C22436EEF00528E0F /* MainViewController.swift */,
				262CE34C22436F0700528E0F /* MainPresenter.swift */,
				262CE33E22436EEF00528E0F /* Main.storyboard */,
				26BB96DA2251F82A00350110 /* Extensions */,
				26BB96D92251F81600350110 /* Views */,
				26BB96D82251F7E900350110 /* Machine Learning */,
				26BB96DB2251F83900350110 /* Supporting Files */,
			);
			path = CoreMLExample;
			sourceTree = "<group>";
		};
		26BB96D82251F7E900350110 /* Machine Learning */ = {
			isa = PBXGroup;
			children = (
				26BB96D52251F7E500350110 /* MNISTClassifier.mlmodel */,
				26BB96D42251F7E500350110 /* TitanicFortune.mlmodel */,
			);
			path = "Machine Learning";
			sourceTree = "<group>";
		};
		26BB96D92251F81600350110 /* Views */ = {
			isa = PBXGroup;
			children = (
				262CE34E224373C700528E0F /* InputViewWithTextField.swift */,
				262CE3612243FC8900528E0F /* GradientView.swift */,
				262CE36E2244016B00528E0F /* NextAndFinishButton.swift */,
				267A890E22444E6900F71427 /* AlertView.swift */,
				267A8913224470A700F71427 /* ButtonsStack.swift */,
				2613C3F22245583C002B16E0 /* CanvasView.swift */,
				264BC72F22460C930077F35D /* TappableView.swift */,
			);
			path = Views;
			sourceTree = "<group>";
		};
		26BB96DA2251F82A00350110 /* Extensions */ = {
			isa = PBXGroup;
			children = (
				262CE35F2243EC1900528E0F /* UIView.swift */,
				262CE3662243FD0D00528E0F /* UIColor+Gradients.swift */,
				262CE3762244102800528E0F /* UIFont.swift */,
				267A8915224480F400F71427 /* UIImageView+UIImage.swift */,
				264BC73322461B130077F35D /* TimeInterval.swift */,
				26BB96DC2251FF7D00350110 /* UIDevice.swift */,
			);
			path = Extensions;
			sourceTree = "<group>";
		};
		26BB96DB2251F83900350110 /* Supporting Files */ = {
			isa = PBXGroup;
			children = (
				262CE33A22436EEE00528E0F /* AppDelegate.swift */,
				262CE34122436EF100528E0F /* Assets.xcassets */,
				262CE34322436EF100528E0F /* LaunchScreen.storyboard */,
				262CE34622436EF100528E0F /* Info.plist */,
				26BB96DE22521C6700350110 /* Localizable.strings */,
				26BB96E622521EC800350110 /* Localization.swift */,
			);
			path = "Supporting Files";
			sourceTree = "<group>";
		};
		3DF070F0DCA197167ADD0B9B /* Pods */ = {
			isa = PBXGroup;
			children = (
				72B0FFF3B821A531A81E45B2 /* Pods-CoreMLExample.debug.xcconfig */,
				19608FA3D5D274AAAAB78E90 /* Pods-CoreMLExample.release.xcconfig */,
			);
			path = Pods;
			sourceTree = "<group>";
		};
		A4DDFD6128CD5A4F318E3248 /* Frameworks */ = {
			isa = PBXGroup;
			children = (
				81E3999E1713A0D7CEEFE227 /* Pods_CoreMLExample.framework */,
			);
			name = Frameworks;
			sourceTree = "<group>";
		};
/* End PBXGroup section */

/* Begin PBXNativeTarget section */
		262CE33622436EEE00528E0F /* CoreMLExample */ = {
			isa = PBXNativeTarget;
			buildConfigurationList = 262CE34922436EF100528E0F /* Build configuration list for PBXNativeTarget "CoreMLExample" */;
			buildPhases = (
				4CA88BACFFB8F4302DDF2230 /* [CP] Check Pods Manifest.lock */,
				262CE33322436EEE00528E0F /* Sources */,
				262CE33422436EEE00528E0F /* Frameworks */,
				262CE33522436EEE00528E0F /* Resources */,
				74D636CC7754D352AF1B65DE /* [CP] Embed Pods Frameworks */,
			);
			buildRules = (
			);
			dependencies = (
			);
			name = CoreMLExample;
			productName = CoreMLExample;
			productReference = 262CE33722436EEE00528E0F /* CoreMLExample.app */;
			productType = "com.apple.product-type.application";
		};
/* End PBXNativeTarget section */

/* Begin PBXProject section */
		262CE32F22436EEE00528E0F /* Project object */ = {
			isa = PBXProject;
			attributes = {
				LastSwiftUpdateCheck = 1010;
				LastUpgradeCheck = 1010;
				ORGANIZATIONNAME = "Alex Milogradsky";
				TargetAttributes = {
					262CE33622436EEE00528E0F = {
						CreatedOnToolsVersion = 10.1;
					};
				};
			};
			buildConfigurationList = 262CE33222436EEE00528E0F /* Build configuration list for PBXProject "CoreMLExample" */;
			compatibilityVersion = "Xcode 9.3";
			developmentRegion = en;
			hasScannedForEncodings = 0;
			knownRegions = (
				en,
				Base,
			);
			mainGroup = 262CE32E22436EEE00528E0F;
			productRefGroup = 262CE33822436EEE00528E0F /* Products */;
			projectDirPath = "";
			projectRoot = "";
			targets = (
				262CE33622436EEE00528E0F /* CoreMLExample */,
			);
		};
/* End PBXProject section */

/* Begin PBXResourcesBuildPhase section */
		262CE33522436EEE00528E0F /* Resources */ = {
			isa = PBXResourcesBuildPhase;
			buildActionMask = 2147483647;
			files = (
				262CE34522436EF100528E0F /* LaunchScreen.storyboard in Resources */,
				26BB96DF22521C6700350110 /* Localizable.strings in Resources */,
				262CE34222436EF100528E0F /* Assets.xcassets in Resources */,
				262CE34022436EEF00528E0F /* Main.storyboard in Resources */,
			);
			runOnlyForDeploymentPostprocessing = 0;
		};
/* End PBXResourcesBuildPhase section */

/* Begin PBXShellScriptBuildPhase section */
		4CA88BACFFB8F4302DDF2230 /* [CP] Check Pods Manifest.lock */ = {
			isa = PBXShellScriptBuildPhase;
			buildActionMask = 2147483647;
			files = (
			);
			inputFileListPaths = (
			);
			inputPaths = (
				"${PODS_PODFILE_DIR_PATH}/Podfile.lock",
				"${PODS_ROOT}/Manifest.lock",
			);
			name = "[CP] Check Pods Manifest.lock";
			outputFileListPaths = (
			);
			outputPaths = (
				"$(DERIVED_FILE_DIR)/Pods-CoreMLExample-checkManifestLockResult.txt",
			);
			runOnlyForDeploymentPostprocessing = 0;
			shellPath = /bin/sh;
			shellScript = "diff \"${PODS_PODFILE_DIR_PATH}/Podfile.lock\" \"${PODS_ROOT}/Manifest.lock\" > /dev/null\nif [ $? != 0 ] ; then\n    # print error to STDERR\n    echo \"error: The sandbox is not in sync with the Podfile.lock. Run 'pod install' or update your CocoaPods installation.\" >&2\n    exit 1\nfi\n# This output is used by Xcode 'outputs' to avoid re-running this script phase.\necho \"SUCCESS\" > \"${SCRIPT_OUTPUT_FILE_0}\"\n";
			showEnvVarsInLog = 0;
		};
		74D636CC7754D352AF1B65DE /* [CP] Embed Pods Frameworks */ = {
			isa = PBXShellScriptBuildPhase;
			buildActionMask = 2147483647;
			files = (
			);
			inputFileListPaths = (
			);
			inputPaths = (
				"${PODS_ROOT}/Target Support Files/Pods-CoreMLExample/Pods-CoreMLExample-frameworks.sh",
				"${BUILT_PRODUCTS_DIR}/DeviceKit/DeviceKit.framework",
			);
			name = "[CP] Embed Pods Frameworks";
			outputFileListPaths = (
			);
			outputPaths = (
				"${TARGET_BUILD_DIR}/${FRAMEWORKS_FOLDER_PATH}/DeviceKit.framework",
			);
			runOnlyForDeploymentPostprocessing = 0;
			shellPath = /bin/sh;
			shellScript = "\"${PODS_ROOT}/Target Support Files/Pods-CoreMLExample/Pods-CoreMLExample-frameworks.sh\"\n";
			showEnvVarsInLog = 0;
		};
/* End PBXShellScriptBuildPhase section */

/* Begin PBXSourcesBuildPhase section */
		262CE33322436EEE00528E0F /* Sources */ = {
			isa = PBXSourcesBuildPhase;
			buildActionMask = 2147483647;
			files = (
				26BB96E722521EC800350110 /* Localization.swift in Sources */,
				264BC73422461B130077F35D /* TimeInterval.swift in Sources */,
				26BB96DD2251FF7D00350110 /* UIDevice.swift in Sources */,
				262CE3602243EC1900528E0F /* UIView.swift in Sources */,
				26BB96D72251F7E500350110 /* MNISTClassifier.mlmodel in Sources */,
				264BC73022460C930077F35D /* TappableView.swift in Sources */,
				262CE3672243FD0D00528E0F /* UIColor+Gradients.swift in Sources */,
				2613C3F32245583C002B16E0 /* CanvasView.swift in Sources */,
				262CE33D22436EEF00528E0F /* MainViewController.swift in Sources */,
				267A890F22444E6900F71427 /* AlertView.swift in Sources */,
				267A8916224480F400F71427 /* UIImageView+UIImage.swift in Sources */,
				262CE3622243FC8900528E0F /* GradientView.swift in Sources */,
				262CE34F224373C700528E0F /* InputViewWithTextField.swift in Sources */,
				262CE36F2244016B00528E0F /* NextAndFinishButton.swift in Sources */,
				262CE34D22436F0700528E0F /* MainPresenter.swift in Sources */,
				262CE33B22436EEE00528E0F /* AppDelegate.swift in Sources */,
				26BB96D62251F7E500350110 /* TitanicFortune.mlmodel in Sources */,
				267A8914224470A700F71427 /* ButtonsStack.swift in Sources */,
				262CE3772244102800528E0F /* UIFont.swift in Sources */,
			);
			runOnlyForDeploymentPostprocessing = 0;
		};
/* End PBXSourcesBuildPhase section */

/* Begin PBXVariantGroup section */
		262CE33E22436EEF00528E0F /* Main.storyboard */ = {
			isa = PBXVariantGroup;
			children = (
				262CE33F22436EEF00528E0F /* Base */,
			);
			name = Main.storyboard;
			sourceTree = "<group>";
		};
		262CE34322436EF100528E0F /* LaunchScreen.storyboard */ = {
			isa = PBXVariantGroup;
			children = (
				262CE34422436EF100528E0F /* Base */,
			);
			name = LaunchScreen.storyboard;
			sourceTree = "<group>";
		};
/* End PBXVariantGroup section */

/* Begin XCBuildConfiguration section */
		262CE34722436EF100528E0F /* Debug */ = {
			isa = XCBuildConfiguration;
			buildSettings = {
				ALWAYS_SEARCH_USER_PATHS = NO;
				CLANG_ANALYZER_NONNULL = YES;
				CLANG_ANALYZER_NUMBER_OBJECT_CONVERSION = YES_AGGRESSIVE;
				CLANG_CXX_LANGUAGE_STANDARD = "gnu++14";
				CLANG_CXX_LIBRARY = "libc++";
				CLANG_ENABLE_MODULES = YES;
				CLANG_ENABLE_OBJC_ARC = YES;
				CLANG_ENABLE_OBJC_WEAK = YES;
				CLANG_WARN_BLOCK_CAPTURE_AUTORELEASING = YES;
				CLANG_WARN_BOOL_CONVERSION = YES;
				CLANG_WARN_COMMA = YES;
				CLANG_WARN_CONSTANT_CONVERSION = YES;
				CLANG_WARN_DEPRECATED_OBJC_IMPLEMENTATIONS = YES;
				CLANG_WARN_DIRECT_OBJC_ISA_USAGE = YES_ERROR;
				CLANG_WARN_DOCUMENTATION_COMMENTS = YES;
				CLANG_WARN_EMPTY_BODY = YES;
				CLANG_WARN_ENUM_CONVERSION = YES;
				CLANG_WARN_INFINITE_RECURSION = YES;
				CLANG_WARN_INT_CONVERSION = YES;
				CLANG_WARN_NON_LITERAL_NULL_CONVERSION = YES;
				CLANG_WARN_OBJC_IMPLICIT_RETAIN_SELF = YES;
				CLANG_WARN_OBJC_LITERAL_CONVERSION = YES;
				CLANG_WARN_OBJC_ROOT_CLASS = YES_ERROR;
				CLANG_WARN_RANGE_LOOP_ANALYSIS = YES;
				CLANG_WARN_STRICT_PROTOTYPES = YES;
				CLANG_WARN_SUSPICIOUS_MOVE = YES;
				CLANG_WARN_UNGUARDED_AVAILABILITY = YES_AGGRESSIVE;
				CLANG_WARN_UNREACHABLE_CODE = YES;
				CLANG_WARN__DUPLICATE_METHOD_MATCH = YES;
				CODE_SIGN_IDENTITY = "iPhone Developer";
				COPY_PHASE_STRIP = NO;
				DEBUG_INFORMATION_FORMAT = dwarf;
				ENABLE_STRICT_OBJC_MSGSEND = YES;
				ENABLE_TESTABILITY = YES;
				GCC_C_LANGUAGE_STANDARD = gnu11;
				GCC_DYNAMIC_NO_PIC = NO;
				GCC_NO_COMMON_BLOCKS = YES;
				GCC_OPTIMIZATION_LEVEL = 0;
				GCC_PREPROCESSOR_DEFINITIONS = (
					"DEBUG=1",
					"$(inherited)",
				);
				GCC_WARN_64_TO_32_BIT_CONVERSION = YES;
				GCC_WARN_ABOUT_RETURN_TYPE = YES_ERROR;
				GCC_WARN_UNDECLARED_SELECTOR = YES;
				GCC_WARN_UNINITIALIZED_AUTOS = YES_AGGRESSIVE;
				GCC_WARN_UNUSED_FUNCTION = YES;
				GCC_WARN_UNUSED_VARIABLE = YES;
				IPHONEOS_DEPLOYMENT_TARGET = 12.1;
				MTL_ENABLE_DEBUG_INFO = INCLUDE_SOURCE;
				MTL_FAST_MATH = YES;
				ONLY_ACTIVE_ARCH = YES;
				SDKROOT = iphoneos;
				SWIFT_ACTIVE_COMPILATION_CONDITIONS = DEBUG;
				SWIFT_OPTIMIZATION_LEVEL = "-Onone";
			};
			name = Debug;
		};
		262CE34822436EF100528E0F /* Release */ = {
			isa = XCBuildConfiguration;
			buildSettings = {
				ALWAYS_SEARCH_USER_PATHS = NO;
				CLANG_ANALYZER_NONNULL = YES;
				CLANG_ANALYZER_NUMBER_OBJECT_CONVERSION = YES_AGGRESSIVE;
				CLANG_CXX_LANGUAGE_STANDARD = "gnu++14";
				CLANG_CXX_LIBRARY = "libc++";
				CLANG_ENABLE_MODULES = YES;
				CLANG_ENABLE_OBJC_ARC = YES;
				CLANG_ENABLE_OBJC_WEAK = YES;
				CLANG_WARN_BLOCK_CAPTURE_AUTORELEASING = YES;
				CLANG_WARN_BOOL_CONVERSION = YES;
				CLANG_WARN_COMMA = YES;
				CLANG_WARN_CONSTANT_CONVERSION = YES;
				CLANG_WARN_DEPRECATED_OBJC_IMPLEMENTATIONS = YES;
				CLANG_WARN_DIRECT_OBJC_ISA_USAGE = YES_ERROR;
				CLANG_WARN_DOCUMENTATION_COMMENTS = YES;
				CLANG_WARN_EMPTY_BODY = YES;
				CLANG_WARN_ENUM_CONVERSION = YES;
				CLANG_WARN_INFINITE_RECURSION = YES;
				CLANG_WARN_INT_CONVERSION = YES;
				CLANG_WARN_NON_LITERAL_NULL_CONVERSION = YES;
				CLANG_WARN_OBJC_IMPLICIT_RETAIN_SELF = YES;
				CLANG_WARN_OBJC_LITERAL_CONVERSION = YES;
				CLANG_WARN_OBJC_ROOT_CLASS = YES_ERROR;
				CLANG_WARN_RANGE_LOOP_ANALYSIS = YES;
				CLANG_WARN_STRICT_PROTOTYPES = YES;
				CLANG_WARN_SUSPICIOUS_MOVE = YES;
				CLANG_WARN_UNGUARDED_AVAILABILITY = YES_AGGRESSIVE;
				CLANG_WARN_UNREACHABLE_CODE = YES;
				CLANG_WARN__DUPLICATE_METHOD_MATCH = YES;
				CODE_SIGN_IDENTITY = "iPhone Developer";
				COPY_PHASE_STRIP = NO;
				DEBUG_INFORMATION_FORMAT = "dwarf-with-dsym";
				ENABLE_NS_ASSERTIONS = NO;
				ENABLE_STRICT_OBJC_MSGSEND = YES;
				GCC_C_LANGUAGE_STANDARD = gnu11;
				GCC_NO_COMMON_BLOCKS = YES;
				GCC_WARN_64_TO_32_BIT_CONVERSION = YES;
				GCC_WARN_ABOUT_RETURN_TYPE = YES_ERROR;
				GCC_WARN_UNDECLARED_SELECTOR = YES;
				GCC_WARN_UNINITIALIZED_AUTOS = YES_AGGRESSIVE;
				GCC_WARN_UNUSED_FUNCTION = YES;
				GCC_WARN_UNUSED_VARIABLE = YES;
				IPHONEOS_DEPLOYMENT_TARGET = 12.1;
				MTL_ENABLE_DEBUG_INFO = NO;
				MTL_FAST_MATH = YES;
				SDKROOT = iphoneos;
				SWIFT_COMPILATION_MODE = wholemodule;
				SWIFT_OPTIMIZATION_LEVEL = "-O";
				VALIDATE_PRODUCT = YES;
			};
			name = Release;
		};
		262CE34A22436EF100528E0F /* Debug */ = {
			isa = XCBuildConfiguration;
			baseConfigurationReference = 72B0FFF3B821A531A81E45B2 /* Pods-CoreMLExample.debug.xcconfig */;
			buildSettings = {
				ASSETCATALOG_COMPILER_APPICON_NAME = AppIcon;
				CODE_SIGN_STYLE = Automatic;
				DEVELOPMENT_TEAM = 52Q39KPRSY;
				INFOPLIST_FILE = "$(SRCROOT)/CoreMLExample/Supporting Files/Info.plist";
				LD_RUNPATH_SEARCH_PATHS = (
					"$(inherited)",
					"@executable_path/Frameworks",
				);
				PRODUCT_BUNDLE_IDENTIFIER = com.nemexur.CoreMLExample;
				PRODUCT_NAME = "$(TARGET_NAME)";
				SWIFT_VERSION = 5.0;
				TARGETED_DEVICE_FAMILY = "1,2";
			};
			name = Debug;
		};
		262CE34B22436EF100528E0F /* Release */ = {
			isa = XCBuildConfiguration;
			baseConfigurationReference = 19608FA3D5D274AAAAB78E90 /* Pods-CoreMLExample.release.xcconfig */;
			buildSettings = {
				ASSETCATALOG_COMPILER_APPICON_NAME = AppIcon;
				CODE_SIGN_STYLE = Automatic;
				DEVELOPMENT_TEAM = 52Q39KPRSY;
				INFOPLIST_FILE = "$(SRCROOT)/CoreMLExample/Supporting Files/Info.plist";
				LD_RUNPATH_SEARCH_PATHS = (
					"$(inherited)",
					"@executable_path/Frameworks",
				);
				PRODUCT_BUNDLE_IDENTIFIER = com.nemexur.CoreMLExample;
				PRODUCT_NAME = "$(TARGET_NAME)";
				SWIFT_VERSION = 5.0;
				TARGETED_DEVICE_FAMILY = "1,2";
			};
			name = Release;
		};
/* End XCBuildConfiguration section */

/* Begin XCConfigurationList section */
		262CE33222436EEE00528E0F /* Build configuration list for PBXProject "CoreMLExample" */ = {
			isa = XCConfigurationList;
			buildConfigurations = (
				262CE34722436EF100528E0F /* Debug */,
				262CE34822436EF100528E0F /* Release */,
			);
			defaultConfigurationIsVisible = 0;
			defaultConfigurationName = Release;
		};
		262CE34922436EF100528E0F /* Build configuration list for PBXNativeTarget "CoreMLExample" */ = {
			isa = XCConfigurationList;
			buildConfigurations = (
				262CE34A22436EF100528E0F /* Debug */,
				262CE34B22436EF100528E0F /* Release */,
			);
			defaultConfigurationIsVisible = 0;
			defaultConfigurationName = Release;
		};
/* End XCConfigurationList section */
	};
	rootObject = 262CE32F22436EEE00528E0F /* Project object */;
}
